{
  "name": "stm32 sensor read",
  "lockfileVersion": 2,
  "requires": true,
  "packages": {
    "": {
      "dependencies": {
        "bleuio": "^1.0.9"
      }
    },
    "node_modules/bleuio": {
      "version": "1.0.9",
      "resolved": "https://registry.npmjs.org/bleuio/-/bleuio-1.0.9.tgz",
      "integrity": "sha512-Je1YXa8oIVfTBT/A66GRUncAr1eWiPkCWavRA4eHmx/QX+Xcd8mhY8q/oVqH/6mD5V7yvO4AVsvntIigOkRYiA=="
    }
  },
  "dependencies": {
    "bleuio": {
      "version": "1.0.9",
      "resolved": "https://registry.npmjs.org/bleuio/-/bleuio-1.0.9.tgz",
      "integrity": "sha512-Je1YXa8oIVfTBT/A66GRUncAr1eWiPkCWavRA4eHmx/QX+Xcd8mhY8q/oVqH/6mD5V7yvO4AVsvntIigOkRYiA=="
    }
  }
}
